
Microsoft Visual Studio Solution File, Format Version 12.00
# Visual Studio Version 17
VisualStudioVersion = 17.4.33213.308
MinimumVisualStudioVersion = 10.0.40219.1
Project("{FAE04EC0-301F-11D3-BF4B-00C04F79EFBC}") = "TTS_LIB", "TTS_LIB\TTS_LIB.csproj", "{3D463259-42D9-4E30-BF8B-E71CBECC0D2B}"
EndProject
Project("{FAE04EC0-301F-11D3-BF4B-00C04F79EFBC}") = "Test", "Test\Test.csproj", "{4E8B2C54-1C72-4DAE-81D7-DC67204D69BB}"
EndProject
Global
	GlobalSection(SolutionConfigurationPlatforms) = preSolution
		Debug|Any CPU = Debug|Any CPU
		Release|Any CPU = Release|Any CPU
	EndGlobalSection
	GlobalSection(ProjectConfigurationPlatforms) = postSolution
		{3D463259-42D9-4E30-BF8B-E71CBECC0D2B}.Debug|Any CPU.ActiveCfg = Debug|Any CPU
		{3D463259-42D9-4E30-BF8B-E71CBECC0D2B}.Debug|Any CPU.Build.0 = Debug|Any CPU
		{3D463259-42D9-4E30-BF8B-E71CBECC0D2B}.Release|Any CPU.ActiveCfg = Release|Any CPU
		{3D463259-42D9-4E30-BF8B-E71CBECC0D2B}.Release|Any CPU.Build.0 = Release|Any CPU
		{4E8B2C54-1C72-4DAE-81D7-DC67204D69BB}.Debug|Any CPU.ActiveCfg = Debug|Any CPU
		{4E8B2C54-1C72-4DAE-81D7-DC67204D69BB}.Debug|Any CPU.Build.0 = Debug|Any CPU
		{4E8B2C54-1C72-4DAE-81D7-DC67204D69BB}.Release|Any CPU.ActiveCfg = Release|Any CPU
		{4E8B2C54-1C72-4DAE-81D7-DC67204D69BB}.Release|Any CPU.Build.0 = Release|Any CPU
	EndGlobalSection
	GlobalSection(SolutionProperties) = preSolution
		HideSolutionNode = FALSE
	EndGlobalSection
	GlobalSection(ExtensibilityGlobals) = postSolution
		SolutionGuid = {F009DE68-D9F3-4CDE-84A2-8CCE40EE87FD}
	EndGlobalSection
EndGlobal
